
Microsoft Visual Studio Solution File, Format Version 12.00
# Visual Studio Version 17
VisualStudioVersion = 17.10.35027.167
MinimumVisualStudioVersion = 10.0.40219.1
Project("{FAE04EC0-301F-11D3-BF4B-00C04F79EFBC}") = "HAFTA-3", "HAFTA-3\HAFTA-3.csproj", "{55696ACB-032B-4CD9-8E8E-4DEEA99C3018}"
EndProject
Global
	GlobalSection(SolutionConfigurationPlatforms) = preSolution
		Debug|Any CPU = Debug|Any CPU
		Release|Any CPU = Release|Any CPU
	EndGlobalSection
	GlobalSection(ProjectConfigurationPlatforms) = postSolution
		{55696ACB-032B-4CD9-8E8E-4DEEA99C3018}.Debug|Any CPU.ActiveCfg = Debug|Any CPU
		{55696ACB-032B-4CD9-8E8E-4DEEA99C3018}.Debug|Any CPU.Build.0 = Debug|Any CPU
		{55696ACB-032B-4CD9-8E8E-4DEEA99C3018}.Release|Any CPU.ActiveCfg = Release|Any CPU
		{55696ACB-032B-4CD9-8E8E-4DEEA99C3018}.Release|Any CPU.Build.0 = Release|Any CPU
	EndGlobalSection
	GlobalSection(SolutionProperties) = preSolution
		HideSolutionNode = FALSE
	EndGlobalSection
	GlobalSection(ExtensibilityGlobals) = postSolution
		SolutionGuid = {531BAF6E-CA96-451A-B717-A38974A0A5F7}
	EndGlobalSection
EndGlobal
